// !$*UTF8*$!
{
	archiveVersion = 1;
	classes = {
	};
	objectVersion = 46;
	objects = {

/* Begin PBXBuildFile section */
		FD6888B81B67D59000790DA9 /* main.m in Sources */ = {isa = PBXBuildFile; fileRef = FD6888B71B67D59000790DA9 /* main.m */; };
		FD6888BB1B67D59000790DA9 /* AppDelegate.m in Sources */ = {isa = PBXBuildFile; fileRef = FD6888BA1B67D59000790DA9 /* AppDelegate.m */; };
		FD6888BE1B67D59000790DA9 /* ViewController.m in Sources */ = {isa = PBXBuildFile; fileRef = FD6888BD1B67D59000790DA9 /* ViewController.m */; };
		FD6888C11B67D59000790DA9 /* Main.storyboard in Resources */ = {isa = PBXBuildFile; fileRef = FD6888BF1B67D59000790DA9 /* Main.storyboard */; };
		FD6888C31B67D59000790DA9 /* Images.xcassets in Resources */ = {isa = PBXBuildFile; fileRef = FD6888C21B67D59000790DA9 /* Images.xcassets */; };
		FD6888C61B67D59000790DA9 /* LaunchScreen.xib in Resources */ = {isa = PBXBuildFile; fileRef = FD6888C41B67D59000790DA9 /* LaunchScreen.xib */; };
		FD6888D21B67D59000790DA9 /* MobileMapperTests.m in Sources */ = {isa = PBXBuildFile; fileRef = FD6888D11B67D59000790DA9 /* MobileMapperTests.m */; };
		FD6888DC1B67D5A000790DA9 /* MapKit.framework in Frameworks */ = {isa = PBXBuildFile; fileRef = FD6888DB1B67D5A000790DA9 /* MapKit.framework */; };
/* End PBXBuildFile section */

/* Begin PBXContainerItemProxy section */
		FD6888CC1B67D59000790DA9 /* PBXContainerItemProxy */ = {
			isa = PBXContainerItemProxy;
			containerPortal = FD6888AA1B67D59000790DA9 /* Project object */;
			proxyType = 1;
			remoteGlobalIDString = FD6888B11B67D59000790DA9;
			remoteInfo = MobileMapper;
		};
/* End PBXContainerItemProxy section */

/* Begin PBXFileReference section */
		FD6888B21B67D59000790DA9 /* MobileMapper.app */ = {isa = PBXFileReference; explicitFileType = wrapper.application; includeInIndex = 0; path = MobileMapper.app; sourceTree = BUILT_PRODUCTS_DIR; };
		FD6888B61B67D59000790DA9 /* Info.plist */ = {isa = PBXFileReference; lastKnownFileType = text.plist.xml; path = Info.plist; sourceTree = "<group>"; };
		FD6888B71B67D59000790DA9 /* main.m */ = {isa = PBXFileReference; lastKnownFileType = sourcecode.c.objc; path = main.m; sourceTree = "<group>"; };
		FD6888B91B67D59000790DA9 /* AppDelegate.h */ = {isa = PBXFileReference; lastKnownFileType = sourcecode.c.h; path = AppDelegate.h; sourceTree = "<group>"; };
		FD6888BA1B67D59000790DA9 /* AppDelegate.m */ = {isa = PBXFileReference; lastKnownFileType = sourcecode.c.objc; path = AppDelegate.m; sourceTree = "<group>"; };
		FD6888BC1B67D59000790DA9 /* ViewController.h */ = {isa = PBXFileReference; lastKnownFileType = sourcecode.c.h; path = ViewController.h; sourceTree = "<group>"; };
		FD6888BD1B67D59000790DA9 /* ViewController.m */ = {isa = PBXFileReference; lastKnownFileType = sourcecode.c.objc; path = ViewController.m; sourceTree = "<group>"; };
		FD6888C01B67D59000790DA9 /* Base */ = {isa = PBXFileReference; lastKnownFileType = file.storyboard; name = Base; path = Base.lproj/Main.storyboard; sourceTree = "<group>"; };
		FD6888C21B67D59000790DA9 /* Images.xcassets */ = {isa = PBXFileReference; lastKnownFileType = folder.assetcatalog; path = Images.xcassets; sourceTree = "<group>"; };
		FD6888C51B67D59000790DA9 /* Base */ = {isa = PBXFileReference; lastKnownFileType = file.xib; name = Base; path = Base.lproj/LaunchScreen.xib; sourceTree = "<group>"; };
		FD6888CB1B67D59000790DA9 /* MobileMapperTests.xctest */ = {isa = PBXFileReference; explicitFileType = wrapper.cfbundle; includeInIndex = 0; path = MobileMapperTests.xctest; sourceTree = BUILT_PRODUCTS_DIR; };
		FD6888D01B67D59000790DA9 /* Info.plist */ = {isa = PBXFileReference; lastKnownFileType = text.plist.xml; path = Info.plist; sourceTree = "<group>"; };
		FD6888D11B67D59000790DA9 /* MobileMapperTests.m */ = {isa = PBXFileReference; lastKnownFileType = sourcecode.c.objc; path = MobileMapperTests.m; sourceTree = "<group>"; };
		FD6888DB1B67D5A000790DA9 /* MapKit.framework */ = {isa = PBXFileReference; lastKnownFileType = wrapper.framework; name = MapKit.framework; path = System/Library/Frameworks/MapKit.framework; sourceTree = SDKROOT; };
/* End PBXFileReference section */

/* Begin PBXFrameworksBuildPhase section */
		FD6888AF1B67D59000790DA9 /* Frameworks */ = {
			isa = PBXFrameworksBuildPhase;
			buildActionMask = 2147483647;
			files = (
				FD6888DC1B67D5A000790DA9 /* MapKit.framework in Frameworks */,
			);
			runOnlyForDeploymentPostprocessing = 0;
		};
		FD6888C81B67D59000790DA9 /* Frameworks */ = {
			isa = PBXFrameworksBuildPhase;
			buildActionMask = 2147483647;
			files = (
			);
			runOnlyForDeploymentPostprocessing = 0;
		};
/* End PBXFrameworksBuildPhase section */

/* Begin PBXGroup section */
		FD6888A91B67D59000790DA9 = {
			isa = PBXGroup;
			children = (
				FD6888DB1B67D5A000790DA9 /* MapKit.framework */,
				FD6888B41B67D59000790DA9 /* MobileMapper */,
				FD6888CE1B67D59000790DA9 /* MobileMapperTests */,
				FD6888B31B67D59000790DA9 /* Products */,
			);
			sourceTree = "<group>";
		};
		FD6888B31B67D59000790DA9 /* Products */ = {
			isa = PBXGroup;
			children = (
				FD6888B21B67D59000790DA9 /* MobileMapper.app */,
				FD6888CB1B67D59000790DA9 /* MobileMapperTests.xctest */,
			);
			name = Products;
			sourceTree = "<group>";
		};
		FD6888B41B67D59000790DA9 /* MobileMapper */ = {
			isa = PBXGroup;
			children = (
				FD6888B91B67D59000790DA9 /* AppDelegate.h */,
				FD6888BA1B67D59000790DA9 /* AppDelegate.m */,
				FD6888BC1B67D59000790DA9 /* ViewController.h */,
				FD6888BD1B67D59000790DA9 /* ViewController.m */,
				FD6888BF1B67D59000790DA9 /* Main.storyboard */,
				FD6888C21B67D59000790DA9 /* Images.xcassets */,
				FD6888C41B67D59000790DA9 /* LaunchScreen.xib */,
				FD6888B51B67D59000790DA9 /* Supporting Files */,
			);
			path = MobileMapper;
			sourceTree = "<group>";
		};
		FD6888B51B67D59000790DA9 /* Supporting Files */ = {
			isa = PBXGroup;
			children = (
				FD6888B61B67D59000790DA9 /* Info.plist */,
				FD6888B71B67D59000790DA9 /* main.m */,
			);
			name = "Supporting Files";
			sourceTree = "<group>";
		};
		FD6888CE1B67D59000790DA9 /* MobileMapperTests */ = {
			isa = PBXGroup;
			children = (
				FD6888D11B67D59000790DA9 /* MobileMapperTests.m */,
				FD6888CF1B67D59000790DA9 /* Supporting Files */,
			);
			path = MobileMapperTests;
			sourceTree = "<group>";
		};
		FD6888CF1B67D59000790DA9 /* Supporting Files */ = {
			isa = PBXGroup;
			children = (
				FD6888D01B67D59000790DA9 /* Info.plist */,
			);
			name = "Supporting Files";
			sourceTree = "<group>";
		};
/* End PBXGroup section */

/* Begin PBXNativeTarget section */
		FD6888B11B67D59000790DA9 /* MobileMapper */ = {
			isa = PBXNativeTarget;
			buildConfigurationList = FD6888D51B67D59000790DA9 /* Build configuration list for PBXNativeTarget "MobileMapper" */;
			buildPhases = (
				FD6888AE1B67D59000790DA9 /* Sources */,
				FD6888AF1B67D59000790DA9 /* Frameworks */,
				FD6888B01B67D59000790DA9 /* Resources */,
			);
			buildRules = (
			);
			dependencies = (
			);
			name = MobileMapper;
			productName = MobileMapper;
			productReference = FD6888B21B67D59000790DA9 /* MobileMapper.app */;
			productType = "com.apple.product-type.application";
		};
		FD6888CA1B67D59000790DA9 /* MobileMapperTests */ = {
			isa = PBXNativeTarget;
			buildConfigurationList = FD6888D81B67D59000790DA9 /* Build configuration list for PBXNativeTarget "MobileMapperTests" */;
			buildPhases = (
				FD6888C71B67D59000790DA9 /* Sources */,
				FD6888C81B67D59000790DA9 /* Frameworks */,
				FD6888C91B67D59000790DA9 /* Resources */,
			);
			buildRules = (
			);
			dependencies = (
				FD6888CD1B67D59000790DA9 /* PBXTargetDependency */,
			);
			name = MobileMapperTests;
			productName = MobileMapperTests;
			productReference = FD6888CB1B67D59000790DA9 /* MobileMapperTests.xctest */;
			productType = "com.apple.product-type.bundle.unit-test";
		};
/* End PBXNativeTarget section */

/* Begin PBXProject section */
		FD6888AA1B67D59000790DA9 /* Project object */ = {
			isa = PBXProject;
			attributes = {
				LastUpgradeCheck = 0640;
				ORGANIZATIONNAME = "Edil Ashimov";
				TargetAttributes = {
					FD6888B11B67D59000790DA9 = {
						CreatedOnToolsVersion = 6.4;
					};
					FD6888CA1B67D59000790DA9 = {
						CreatedOnToolsVersion = 6.4;
						TestTargetID = FD6888B11B67D59000790DA9;
					};
				};
			};
			buildConfigurationList = FD6888AD1B67D59000790DA9 /* Build configuration list for PBXProject "MobileMapper" */;
			compatibilityVersion = "Xcode 3.2";
			developmentRegion = English;
			hasScannedForEncodings = 0;
			knownRegions = (
				en,
				Base,
			);
			mainGroup = FD6888A91B67D59000790DA9;
			productRefGroup = FD6888B31B67D59000790DA9 /* Products */;
			projectDirPath = "";
			projectRoot = "";
			targets = (
				FD6888B11B67D59000790DA9 /* MobileMapper */,
				FD6888CA1B67D59000790DA9 /* MobileMapperTests */,
			);
		};
/* End PBXProject section */

/* Begin PBXResourcesBuildPhase section */
		FD6888B01B67D59000790DA9 /* Resources */ = {
			isa = PBXResourcesBuildPhase;
			buildActionMask = 2147483647;
			files = (
				FD6888C11B67D59000790DA9 /* Main.storyboard in Resources */,
				FD6888C61B67D59000790DA9 /* LaunchScreen.xib in Resources */,
				FD6888C31B67D59000790DA9 /* Images.xcassets in Resources */,
			);
			runOnlyForDeploymentPostprocessing = 0;
		};
		FD6888C91B67D59000790DA9 /* Resources */ = {
			isa = PBXResourcesBuildPhase;
			buildActionMask = 2147483647;
			files = (
			);
			runOnlyForDeploymentPostprocessing = 0;
		};
/* End PBXResourcesBuildPhase section */

/* Begin PBXSourcesBuildPhase section */
		FD6888AE1B67D59000790DA9 /* Sources */ = {
			isa = PBXSourcesBuildPhase;
			buildActionMask = 2147483647;
			files = (
				FD6888BE1B67D59000790DA9 /* ViewController.m in Sources */,
				FD6888BB1B67D59000790DA9 /* AppDelegate.m in Sources */,
				FD6888B81B67D59000790DA9 /* main.m in Sources */,
			);
			runOnlyForDeploymentPostprocessing = 0;
		};
		FD6888C71B67D59000790DA9 /* Sources */ = {
			isa = PBXSourcesBuildPhase;
			buildActionMask = 2147483647;
			files = (
				FD6888D21B67D59000790DA9 /* MobileMapperTests.m in Sources */,
			);
			runOnlyForDeploymentPostprocessing = 0;
		};
/* End PBXSourcesBuildPhase section */

/* Begin PBXTargetDependency section */
		FD6888CD1B67D59000790DA9 /* PBXTargetDependency */ = {
			isa = PBXTargetDependency;
			target = FD6888B11B67D59000790DA9 /* MobileMapper */;
			targetProxy = FD6888CC1B67D59000790DA9 /* PBXContainerItemProxy */;
		};
/* End PBXTargetDependency section */

/* Begin PBXVariantGroup section */
		FD6888BF1B67D59000790DA9 /* Main.storyboard */ = {
			isa = PBXVariantGroup;
			children = (
				FD6888C01B67D59000790DA9 /* Base */,
			);
			name = Main.storyboard;
			sourceTree = "<group>";
		};
		FD6888C41B67D59000790DA9 /* LaunchScreen.xib */ = {
			isa = PBXVariantGroup;
			children = (
				FD6888C51B67D59000790DA9 /* Base */,
			);
			name = LaunchScreen.xib;
			sourceTree = "<group>";
		};
/* End PBXVariantGroup section */

/* Begin XCBuildConfiguration section */
		FD6888D31B67D59000790DA9 /* Debug */ = {
			isa = XCBuildConfiguration;
			buildSettings = {
				ALWAYS_SEARCH_USER_PATHS = NO;
				CLANG_CXX_LANGUAGE_STANDARD = "gnu++0x";
				CLANG_CXX_LIBRARY = "libc++";
				CLANG_ENABLE_MODULES = YES;
				CLANG_ENABLE_OBJC_ARC = YES;
				CLANG_WARN_BOOL_CONVERSION = YES;
				CLANG_WARN_CONSTANT_CONVERSION = YES;
				CLANG_WARN_DIRECT_OBJC_ISA_USAGE = YES_ERROR;
				CLANG_WARN_EMPTY_BODY = YES;
				CLANG_WARN_ENUM_CONVERSION = YES;
				CLANG_WARN_INT_CONVERSION = YES;
				CLANG_WARN_OBJC_ROOT_CLASS = YES_ERROR;
				CLANG_WARN_UNREACHABLE_CODE = YES;
				CLANG_WARN__DUPLICATE_METHOD_MATCH = YES;
				"CODE_SIGN_IDENTITY[sdk=iphoneos*]" = "iPhone Developer";
				COPY_PHASE_STRIP = NO;
				DEBUG_INFORMATION_FORMAT = "dwarf-with-dsym";
				ENABLE_STRICT_OBJC_MSGSEND = YES;
				GCC_C_LANGUAGE_STANDARD = gnu99;
				GCC_DYNAMIC_NO_PIC = NO;
				GCC_NO_COMMON_BLOCKS = YES;
				GCC_OPTIMIZATION_LEVEL = 0;
				GCC_PREPROCESSOR_DEFINITIONS = (
					"DEBUG=1",
					"$(inherited)",
				);
				GCC_SYMBOLS_PRIVATE_EXTERN = NO;
				GCC_WARN_64_TO_32_BIT_CONVERSION = YES;
				GCC_WARN_ABOUT_RETURN_TYPE = YES_ERROR;
				GCC_WARN_UNDECLARED_SELECTOR = YES;
				GCC_WARN_UNINITIALIZED_AUTOS = YES_AGGRESSIVE;
				GCC_WARN_UNUSED_FUNCTION = YES;
				GCC_WARN_UNUSED_VARIABLE = YES;
				IPHONEOS_DEPLOYMENT_TARGET = 8.4;
				MTL_ENABLE_DEBUG_INFO = YES;
				ONLY_ACTIVE_ARCH = YES;
				SDKROOT = iphoneos;
			};
			name = Debug;
		};
		FD6888D41B67D59000790DA9 /* Release */ = {
			isa = XCBuildConfiguration;
			buildSettings = {
				ALWAYS_SEARCH_USER_PATHS = NO;
				CLANG_CXX_LANGUAGE_STANDARD = "gnu++0x";
				CLANG_CXX_LIBRARY = "libc++";
				CLANG_ENABLE_MODULES = YES;
				CLANG_ENABLE_OBJC_ARC = YES;
				CLANG_WARN_BOOL_CONVERSION = YES;
				CLANG_WARN_CONSTANT_CONVERSION = YES;
				CLANG_WARN_DIRECT_OBJC_ISA_USAGE = YES_ERROR;
				CLANG_WARN_EMPTY_BODY = YES;
				CLANG_WARN_ENUM_CONVERSION = YES;
				CLANG_WARN_INT_CONVERSION = YES;
				CLANG_WARN_OBJC_ROOT_CLASS = YES_ERROR;
				CLANG_WARN_UNREACHABLE_CODE = YES;
				CLANG_WARN__DUPLICATE_METHOD_MATCH = YES;
				"CODE_SIGN_IDENTITY[sdk=iphoneos*]" = "iPhone Developer";
				COPY_PHASE_STRIP = NO;
				DEBUG_INFORMATION_FORMAT = "dwarf-with-dsym";
				ENABLE_NS_ASSERTIONS = NO;
				ENABLE_STRICT_OBJC_MSGSEND = YES;
				GCC_C_LANGUAGE_STANDARD = gnu99;
				GCC_NO_COMMON_BLOCKS = YES;
				GCC_WARN_64_TO_32_BIT_CONVERSION = YES;
				GCC_WARN_ABOUT_RETURN_TYPE = YES_ERROR;
				GCC_WARN_UNDECLARED_SELECTOR = YES;
				GCC_WARN_UNINITIALIZED_AUTOS = YES_AGGRESSIVE;
				GCC_WARN_UNUSED_FUNCTION = YES;
				GCC_WARN_UNUSED_VARIABLE = YES;
				IPHONEOS_DEPLOYMENT_TARGET = 8.4;
				MTL_ENABLE_DEBUG_INFO = NO;
				SDKROOT = iphoneos;
				VALIDATE_PRODUCT = YES;
			};
			name = Release;
		};
		FD6888D61B67D59000790DA9 /* Debug */ = {
			isa = XCBuildConfiguration;
			buildSettings = {
				ASSETCATALOG_COMPILER_APPICON_NAME = AppIcon;
				INFOPLIST_FILE = MobileMapper/Info.plist;
				LD_RUNPATH_SEARCH_PATHS = "$(inherited) @executable_path/Frameworks";
				PRODUCT_NAME = "$(TARGET_NAME)";
			};
			name = Debug;
		};
		FD6888D71B67D59000790DA9 /* Release */ = {
			isa = XCBuildConfiguration;
			buildSettings = {
				ASSETCATALOG_COMPILER_APPICON_NAME = AppIcon;
				INFOPLIST_FILE = MobileMapper/Info.plist;
				LD_RUNPATH_SEARCH_PATHS = "$(inherited) @executable_path/Frameworks";
				PRODUCT_NAME = "$(TARGET_NAME)";
			};
			name = Release;
		};
		FD6888D91B67D59000790DA9 /* Debug */ = {
			isa = XCBuildConfiguration;
			buildSettings = {
				BUNDLE_LOADER = "$(TEST_HOST)";
				FRAMEWORK_SEARCH_PATHS = (
					"$(SDKROOT)/Developer/Library/Frameworks",
					"$(inherited)",
				);
				GCC_PREPROCESSOR_DEFINITIONS = (
					"DEBUG=1",
					"$(inherited)",
				);
				INFOPLIST_FILE = MobileMapperTests/Info.plist;
				LD_RUNPATH_SEARCH_PATHS = "$(inherited) @executable_path/Frameworks @loader_path/Frameworks";
				PRODUCT_NAME = "$(TARGET_NAME)";
				TEST_HOST = "$(BUILT_PRODUCTS_DIR)/MobileMapper.app/MobileMapper";
			};
			name = Debug;
		};
		FD6888DA1B67D59000790DA9 /* Release */ = {
			isa = XCBuildConfiguration;
			buildSettings = {
				BUNDLE_LOADER = "$(TEST_HOST)";
				FRAMEWORK_SEARCH_PATHS = (
					"$(SDKROOT)/Developer/Library/Frameworks",
					"$(inherited)",
				);
				INFOPLIST_FILE = MobileMapperTests/Info.plist;
				LD_RUNPATH_SEARCH_PATHS = "$(inherited) @executable_path/Frameworks @loader_path/Frameworks";
				PRODUCT_NAME = "$(TARGET_NAME)";
				TEST_HOST = "$(BUILT_PRODUCTS_DIR)/MobileMapper.app/MobileMapper";
			};
			name = Release;
		};
/* End XCBuildConfiguration section */

/* Begin XCConfigurationList section */
		FD6888AD1B67D59000790DA9 /* Build configuration list for PBXProject "MobileMapper" */ = {
			isa = XCConfigurationList;
			buildConfigurations = (
				FD6888D31B67D59000790DA9 /* Debug */,
				FD6888D41B67D59000790DA9 /* Release */,
			);
			defaultConfigurationIsVisible = 0;
			defaultConfigurationName = Release;
		};
		FD6888D51B67D59000790DA9 /* Build configuration list for PBXNativeTarget "MobileMapper" */ = {
			isa = XCConfigurationList;
			buildConfigurations = (
				FD6888D61B67D59000790DA9 /* Debug */,
				FD6888D71B67D59000790DA9 /* Release */,
			);
			defaultConfigurationIsVisible = 0;
		};
		FD6888D81B67D59000790DA9 /* Build configuration list for PBXNativeTarget "MobileMapperTests" */ = {
			isa = XCConfigurationList;
			buildConfigurations = (
				FD6888D91B67D59000790DA9 /* Debug */,
				FD6888DA1B67D59000790DA9 /* Release */,
			);
			defaultConfigurationIsVisible = 0;
		};
/* End XCConfigurationList section */
	};
	rootObject = FD6888AA1B67D59000790DA9 /* Project object */;
}
